// !$*UTF8*$!
{
	archiveVersion = 1;
	classes = {
	};
	objectVersion = 55;
	objects = {

/* Begin PBXBuildFile section */
		C402341428A0C2D300A6C0D4 /* StateRenewalRequirement.swift in Sources */ = {isa = PBXBuildFile; fileRef = C402341328A0C2D300A6C0D4 /* StateRenewalRequirement.swift */; };
		C40464FD28D8204B009830AB /* RenewalRequirementDetailCell.swift in Sources */ = {isa = PBXBuildFile; fileRef = C40464FB28D8204B009830AB /* RenewalRequirementDetailCell.swift */; };
		C40464FE28D8204B009830AB /* RenewalRequirementDetailCell.xib in Resources */ = {isa = PBXBuildFile; fileRef = C40464FC28D8204B009830AB /* RenewalRequirementDetailCell.xib */; };
		C404650128DA3553009830AB /* RenewalDetailCreditCell.swift in Sources */ = {isa = PBXBuildFile; fileRef = C40464FF28DA3553009830AB /* RenewalDetailCreditCell.swift */; };
		C404650228DA3553009830AB /* RenewalDetailCreditCell.xib in Resources */ = {isa = PBXBuildFile; fileRef = C404650028DA3553009830AB /* RenewalDetailCreditCell.xib */; };
		C404650E28DA76F6009830AB /* SemiCircleProgressBar.swift in Sources */ = {isa = PBXBuildFile; fileRef = C404650D28DA76F6009830AB /* SemiCircleProgressBar.swift */; };
		C407210028D5AB7D0051E735 /* .swiftlint.yml in Resources */ = {isa = PBXBuildFile; fileRef = C40720FF28D5AB7D0051E735 /* .swiftlint.yml */; };
		C417718B28975AE500EB1851 /* LicenseListViewController.swift in Sources */ = {isa = PBXBuildFile; fileRef = C417718A28975AE500EB1851 /* LicenseListViewController.swift */; };
		C4276A5328AD5E86004B0C6F /* NABPCEImporterConfigViewController.swift in Sources */ = {isa = PBXBuildFile; fileRef = C4276A5128AD5E86004B0C6F /* NABPCEImporterConfigViewController.swift */; };
		C4276A5428AD5E86004B0C6F /* NABPCEImporterConfigViewController.xib in Resources */ = {isa = PBXBuildFile; fileRef = C4276A5228AD5E86004B0C6F /* NABPCEImporterConfigViewController.xib */; };
		C42A3EDA28C917BC00C4D6E8 /* AddLicenseView.swift in Sources */ = {isa = PBXBuildFile; fileRef = C42A3ED928C917BC00C4D6E8 /* AddLicenseView.swift */; };
		C42A3EDC28CA81F000C4D6E8 /* LicenseInfo.swift in Sources */ = {isa = PBXBuildFile; fileRef = C42A3EDB28CA81F000C4D6E8 /* LicenseInfo.swift */; };
		C42A3EDE28CAFEDB00C4D6E8 /* CEImporterConfigViewController.swift in Sources */ = {isa = PBXBuildFile; fileRef = C42A3EDD28CAFEDB00C4D6E8 /* CEImporterConfigViewController.swift */; };
		C42A3EE028CAFEF600C4D6E8 /* CEImporterDelegate.swift in Sources */ = {isa = PBXBuildFile; fileRef = C42A3EDF28CAFEF600C4D6E8 /* CEImporterDelegate.swift */; };
		C42A3EE228CD058000C4D6E8 /* RenewalRequirementsBuilder.swift in Sources */ = {isa = PBXBuildFile; fileRef = C42A3EE128CD058000C4D6E8 /* RenewalRequirementsBuilder.swift */; };
		C42F09B82894348E001870F8 /* CELogViewModel.swift in Sources */ = {isa = PBXBuildFile; fileRef = C42F09B72894348E001870F8 /* CELogViewModel.swift */; };
		C42F09BA28943497001870F8 /* CELogModel.swift in Sources */ = {isa = PBXBuildFile; fileRef = C42F09B928943497001870F8 /* CELogModel.swift */; };
		C43C9324288F076300719BBA /* CEImporter.swift in Sources */ = {isa = PBXBuildFile; fileRef = C43C9323288F076300719BBA /* CEImporter.swift */; };
		C43C9327288F084100719BBA /* NABPCEImporter.swift in Sources */ = {isa = PBXBuildFile; fileRef = C43C9326288F084100719BBA /* NABPCEImporter.swift */; };
		C43C932A289253BD00719BBA /* CECreditDetailCell.swift in Sources */ = {isa = PBXBuildFile; fileRef = C43C9328289253BD00719BBA /* CECreditDetailCell.swift */; };
		C43C932B289253BD00719BBA /* CECreditDetailCell.xib in Resources */ = {isa = PBXBuildFile; fileRef = C43C9329289253BD00719BBA /* CECreditDetailCell.xib */; };
		C441DFB628D6DCD300A39765 /* DateFormatter+CETrackerDateFormatter.swift in Sources */ = {isa = PBXBuildFile; fileRef = C441DFB528D6DCD300A39765 /* DateFormatter+CETrackerDateFormatter.swift */; };
		C459913028B8354100F9CE1A /* TableChangeType.swift in Sources */ = {isa = PBXBuildFile; fileRef = C459912F28B8354100F9CE1A /* TableChangeType.swift */; };
		C459913228B8361700F9CE1A /* UITableView+animateChanges.swift in Sources */ = {isa = PBXBuildFile; fileRef = C459913128B8361700F9CE1A /* UITableView+animateChanges.swift */; };
		C47EB4B628D7C0BE001755C3 /* SemiCircleBar.swift in Sources */ = {isa = PBXBuildFile; fileRef = C47EB4B528D7C0BE001755C3 /* SemiCircleBar.swift */; };
		C4882F7528DD27C300798913 /* NumberFormatter+CETrackerCreditHourFormatter.swift in Sources */ = {isa = PBXBuildFile; fileRef = C4882F7428DD27C300798913 /* NumberFormatter+CETrackerCreditHourFormatter.swift */; };
		C4AE95C9284545F300A4554A /* AppDelegate.swift in Sources */ = {isa = PBXBuildFile; fileRef = C4AE95C8284545F300A4554A /* AppDelegate.swift */; };
		C4AE95CB284545F300A4554A /* SceneDelegate.swift in Sources */ = {isa = PBXBuildFile; fileRef = C4AE95CA284545F300A4554A /* SceneDelegate.swift */; };
		C4AE95CD284545F300A4554A /* CELogViewController.swift in Sources */ = {isa = PBXBuildFile; fileRef = C4AE95CC284545F300A4554A /* CELogViewController.swift */; };
		C4AE95D0284545F300A4554A /* Main.storyboard in Resources */ = {isa = PBXBuildFile; fileRef = C4AE95CE284545F300A4554A /* Main.storyboard */; };
		C4AE95D3284545F300A4554A /* CETracker.xcdatamodeld in Sources */ = {isa = PBXBuildFile; fileRef = C4AE95D1284545F300A4554A /* CETracker.xcdatamodeld */; };
		C4AE95D5284545F400A4554A /* Assets.xcassets in Resources */ = {isa = PBXBuildFile; fileRef = C4AE95D4284545F400A4554A /* Assets.xcassets */; };
		C4AE95D8284545F400A4554A /* LaunchScreen.storyboard in Resources */ = {isa = PBXBuildFile; fileRef = C4AE95D6284545F400A4554A /* LaunchScreen.storyboard */; };
		C4AE95E3284545F500A4554A /* CETrackerTests.swift in Sources */ = {isa = PBXBuildFile; fileRef = C4AE95E2284545F500A4554A /* CETrackerTests.swift */; };
		C4AE95ED284545F500A4554A /* CETrackerUITests.swift in Sources */ = {isa = PBXBuildFile; fileRef = C4AE95EC284545F500A4554A /* CETrackerUITests.swift */; };
		C4AE95EF284545F500A4554A /* CETrackerUITestsLaunchTests.swift in Sources */ = {isa = PBXBuildFile; fileRef = C4AE95EE284545F500A4554A /* CETrackerUITestsLaunchTests.swift */; };
		C4B668EF28B4A85C00AA2B98 /* KeychainSwift in Frameworks */ = {isa = PBXBuildFile; productRef = C4B668EE28B4A85C00AA2B98 /* KeychainSwift */; };
		C4BBD3572914264F006FE833 /* testcpe.xlsx in Resources */ = {isa = PBXBuildFile; fileRef = C4BBD3562914264F006FE833 /* testcpe.xlsx */; };
		C4C129C528986DB200C46064 /* StateLicenseCell.swift in Sources */ = {isa = PBXBuildFile; fileRef = C4C129C328986DB200C46064 /* StateLicenseCell.swift */; };
		C4C129C628986DB200C46064 /* StateLicenseCell.xib in Resources */ = {isa = PBXBuildFile; fileRef = C4C129C428986DB200C46064 /* StateLicenseCell.xib */; };
		C4C3B6FF288BC5E300119B41 /* CoreXLSX in Frameworks */ = {isa = PBXBuildFile; productRef = C4C3B6FE288BC5E300119B41 /* CoreXLSX */; };
		C4C3B701288D1CA300119B41 /* CELogProperty.swift in Sources */ = {isa = PBXBuildFile; fileRef = C4C3B700288D1CA300119B41 /* CELogProperty.swift */; };
		C4C3B703288D1CBB00119B41 /* CETopicDesignator.swift in Sources */ = {isa = PBXBuildFile; fileRef = C4C3B702288D1CBB00119B41 /* CETopicDesignator.swift */; };
		C4C3B713288E3CB200119B41 /* TopicDesignator+CoreDataClass.swift in Sources */ = {isa = PBXBuildFile; fileRef = C4C3B70F288E3CB200119B41 /* TopicDesignator+CoreDataClass.swift */; };
		C4C3B714288E3CB200119B41 /* TopicDesignator+CoreDataProperties.swift in Sources */ = {isa = PBXBuildFile; fileRef = C4C3B710288E3CB200119B41 /* TopicDesignator+CoreDataProperties.swift */; };
		C4C3B715288E3CB200119B41 /* CECredit+CoreDataClass.swift in Sources */ = {isa = PBXBuildFile; fileRef = C4C3B711288E3CB200119B41 /* CECredit+CoreDataClass.swift */; };
		C4C3B716288E3CB200119B41 /* CECredit+CoreDataProperties.swift in Sources */ = {isa = PBXBuildFile; fileRef = C4C3B712288E3CB200119B41 /* CECredit+CoreDataProperties.swift */; };
		C4DCBD7C28BB211F00A20C0A /* NestedTableView.swift in Sources */ = {isa = PBXBuildFile; fileRef = C4DCBD7B28BB211F00A20C0A /* NestedTableView.swift */; };
		C4DCBD8128BFC5F900A20C0A /* LicenseRenewalRequirement+CoreDataClass.swift in Sources */ = {isa = PBXBuildFile; fileRef = C4DCBD7F28BFC5F900A20C0A /* LicenseRenewalRequirement+CoreDataClass.swift */; };
		C4DCBD8228BFC5F900A20C0A /* LicenseRenewalRequirement+CoreDataProperties.swift in Sources */ = {isa = PBXBuildFile; fileRef = C4DCBD8028BFC5F900A20C0A /* LicenseRenewalRequirement+CoreDataProperties.swift */; };
		C4E28A31289787F300E8636F /* USState.swift in Sources */ = {isa = PBXBuildFile; fileRef = C4E28A30289787F300E8636F /* USState.swift */; };
		C4E28A3628978B8600E8636F /* License+CoreDataClass.swift in Sources */ = {isa = PBXBuildFile; fileRef = C4E28A3228978B8600E8636F /* License+CoreDataClass.swift */; };
		C4E28A3728978B8600E8636F /* License+CoreDataProperties.swift in Sources */ = {isa = PBXBuildFile; fileRef = C4E28A3328978B8600E8636F /* License+CoreDataProperties.swift */; };
		C4E28A3828978B8600E8636F /* LicenseRenewal+CoreDataClass.swift in Sources */ = {isa = PBXBuildFile; fileRef = C4E28A3428978B8600E8636F /* LicenseRenewal+CoreDataClass.swift */; };
		C4E28A3928978B8600E8636F /* LicenseRenewal+CoreDataProperties.swift in Sources */ = {isa = PBXBuildFile; fileRef = C4E28A3528978B8600E8636F /* LicenseRenewal+CoreDataProperties.swift */; };
		C4E28A3B28978CC800E8636F /* LicenseRenewalStatus.swift in Sources */ = {isa = PBXBuildFile; fileRef = C4E28A3A28978CC800E8636F /* LicenseRenewalStatus.swift */; };
		C4E28A3D28979AFF00E8636F /* LicenseListViewModel.swift in Sources */ = {isa = PBXBuildFile; fileRef = C4E28A3C28979AFF00E8636F /* LicenseListViewModel.swift */; };
		C4E28A3F28979B1400E8636F /* LicenseListModel.swift in Sources */ = {isa = PBXBuildFile; fileRef = C4E28A3E28979B1400E8636F /* LicenseListModel.swift */; };
		C4F541A72898F5B500E308CA /* RenewalRequirementProgressBarCell.swift in Sources */ = {isa = PBXBuildFile; fileRef = C4F541A52898F5B500E308CA /* RenewalRequirementProgressBarCell.swift */; };
		C4F541A82898F5B500E308CA /* RenewalRequirementProgressBarCell.xib in Resources */ = {isa = PBXBuildFile; fileRef = C4F541A62898F5B500E308CA /* RenewalRequirementProgressBarCell.xib */; };
		C4FD183E291437EE00373B8B /* README.md in Resources */ = {isa = PBXBuildFile; fileRef = C4FD183D291437EE00373B8B /* README.md */; };
/* End PBXBuildFile section */

/* Begin PBXContainerItemProxy section */
		C4AE95DF284545F500A4554A /* PBXContainerItemProxy */ = {
			isa = PBXContainerItemProxy;
			containerPortal = C4AE95BD284545F300A4554A /* Project object */;
			proxyType = 1;
			remoteGlobalIDString = C4AE95C4284545F300A4554A;
			remoteInfo = CETracker;
		};
		C4AE95E9284545F500A4554A /* PBXContainerItemProxy */ = {
			isa = PBXContainerItemProxy;
			containerPortal = C4AE95BD284545F300A4554A /* Project object */;
			proxyType = 1;
			remoteGlobalIDString = C4AE95C4284545F300A4554A;
			remoteInfo = CETracker;
		};
/* End PBXContainerItemProxy section */

/* Begin PBXFileReference section */
		C402341328A0C2D300A6C0D4 /* StateRenewalRequirement.swift */ = {isa = PBXFileReference; lastKnownFileType = sourcecode.swift; path = StateRenewalRequirement.swift; sourceTree = "<group>"; };
		C40464FB28D8204B009830AB /* RenewalRequirementDetailCell.swift */ = {isa = PBXFileReference; lastKnownFileType = sourcecode.swift; path = RenewalRequirementDetailCell.swift; sourceTree = "<group>"; };
		C40464FC28D8204B009830AB /* RenewalRequirementDetailCell.xib */ = {isa = PBXFileReference; lastKnownFileType = file.xib; path = RenewalRequirementDetailCell.xib; sourceTree = "<group>"; };
		C40464FF28DA3553009830AB /* RenewalDetailCreditCell.swift */ = {isa = PBXFileReference; lastKnownFileType = sourcecode.swift; path = RenewalDetailCreditCell.swift; sourceTree = "<group>"; };
		C404650028DA3553009830AB /* RenewalDetailCreditCell.xib */ = {isa = PBXFileReference; lastKnownFileType = file.xib; path = RenewalDetailCreditCell.xib; sourceTree = "<group>"; };
		C404650D28DA76F6009830AB /* SemiCircleProgressBar.swift */ = {isa = PBXFileReference; lastKnownFileType = sourcecode.swift; path = SemiCircleProgressBar.swift; sourceTree = "<group>"; };
		C40720FF28D5AB7D0051E735 /* .swiftlint.yml */ = {isa = PBXFileReference; lastKnownFileType = text.yaml; path = .swiftlint.yml; sourceTree = "<group>"; };
		C417718A28975AE500EB1851 /* LicenseListViewController.swift */ = {isa = PBXFileReference; lastKnownFileType = sourcecode.swift; path = LicenseListViewController.swift; sourceTree = "<group>"; };
		C4276A5128AD5E86004B0C6F /* NABPCEImporterConfigViewController.swift */ = {isa = PBXFileReference; lastKnownFileType = sourcecode.swift; path = NABPCEImporterConfigViewController.swift; sourceTree = "<group>"; };
		C4276A5228AD5E86004B0C6F /* NABPCEImporterConfigViewController.xib */ = {isa = PBXFileReference; lastKnownFileType = file.xib; path = NABPCEImporterConfigViewController.xib; sourceTree = "<group>"; };
		C42A3ED928C917BC00C4D6E8 /* AddLicenseView.swift */ = {isa = PBXFileReference; lastKnownFileType = sourcecode.swift; path = AddLicenseView.swift; sourceTree = "<group>"; };
		C42A3EDB28CA81F000C4D6E8 /* LicenseInfo.swift */ = {isa = PBXFileReference; lastKnownFileType = sourcecode.swift; path = LicenseInfo.swift; sourceTree = "<group>"; };
		C42A3EDD28CAFEDB00C4D6E8 /* CEImporterConfigViewController.swift */ = {isa = PBXFileReference; lastKnownFileType = sourcecode.swift; path = CEImporterConfigViewController.swift; sourceTree = "<group>"; };
		C42A3EDF28CAFEF600C4D6E8 /* CEImporterDelegate.swift */ = {isa = PBXFileReference; lastKnownFileType = sourcecode.swift; path = CEImporterDelegate.swift; sourceTree = "<group>"; };
		C42A3EE128CD058000C4D6E8 /* RenewalRequirementsBuilder.swift */ = {isa = PBXFileReference; lastKnownFileType = sourcecode.swift; path = RenewalRequirementsBuilder.swift; sourceTree = "<group>"; };
		C42F09B72894348E001870F8 /* CELogViewModel.swift */ = {isa = PBXFileReference; lastKnownFileType = sourcecode.swift; path = CELogViewModel.swift; sourceTree = "<group>"; };
		C42F09B928943497001870F8 /* CELogModel.swift */ = {isa = PBXFileReference; lastKnownFileType = sourcecode.swift; path = CELogModel.swift; sourceTree = "<group>"; };
		C43C9323288F076300719BBA /* CEImporter.swift */ = {isa = PBXFileReference; lastKnownFileType = sourcecode.swift; path = CEImporter.swift; sourceTree = "<group>"; };
		C43C9326288F084100719BBA /* NABPCEImporter.swift */ = {isa = PBXFileReference; lastKnownFileType = sourcecode.swift; path = NABPCEImporter.swift; sourceTree = "<group>"; };
		C43C9328289253BD00719BBA /* CECreditDetailCell.swift */ = {isa = PBXFileReference; lastKnownFileType = sourcecode.swift; path = CECreditDetailCell.swift; sourceTree = "<group>"; };
		C43C9329289253BD00719BBA /* CECreditDetailCell.xib */ = {isa = PBXFileReference; lastKnownFileType = file.xib; path = CECreditDetailCell.xib; sourceTree = "<group>"; };
		C441DFB528D6DCD300A39765 /* DateFormatter+CETrackerDateFormatter.swift */ = {isa = PBXFileReference; lastKnownFileType = sourcecode.swift; path = "DateFormatter+CETrackerDateFormatter.swift"; sourceTree = "<group>"; };
		C459912F28B8354100F9CE1A /* TableChangeType.swift */ = {isa = PBXFileReference; lastKnownFileType = sourcecode.swift; path = TableChangeType.swift; sourceTree = "<group>"; };
		C459913128B8361700F9CE1A /* UITableView+animateChanges.swift */ = {isa = PBXFileReference; lastKnownFileType = sourcecode.swift; path = "UITableView+animateChanges.swift"; sourceTree = "<group>"; };
		C47EB4B528D7C0BE001755C3 /* SemiCircleBar.swift */ = {isa = PBXFileReference; lastKnownFileType = sourcecode.swift; path = SemiCircleBar.swift; sourceTree = "<group>"; };
		C4882F7428DD27C300798913 /* NumberFormatter+CETrackerCreditHourFormatter.swift */ = {isa = PBXFileReference; lastKnownFileType = sourcecode.swift; path = "NumberFormatter+CETrackerCreditHourFormatter.swift"; sourceTree = "<group>"; };
		C4AE95C5284545F300A4554A /* CETracker.app */ = {isa = PBXFileReference; explicitFileType = wrapper.application; includeInIndex = 0; path = CETracker.app; sourceTree = BUILT_PRODUCTS_DIR; };
		C4AE95C8284545F300A4554A /* AppDelegate.swift */ = {isa = PBXFileReference; lastKnownFileType = sourcecode.swift; path = AppDelegate.swift; sourceTree = "<group>"; };
		C4AE95CA284545F300A4554A /* SceneDelegate.swift */ = {isa = PBXFileReference; lastKnownFileType = sourcecode.swift; path = SceneDelegate.swift; sourceTree = "<group>"; };
		C4AE95CC284545F300A4554A /* CELogViewController.swift */ = {isa = PBXFileReference; lastKnownFileType = sourcecode.swift; path = CELogViewController.swift; sourceTree = "<group>"; };
		C4AE95CF284545F300A4554A /* Base */ = {isa = PBXFileReference; lastKnownFileType = file.storyboard; name = Base; path = Base.lproj/Main.storyboard; sourceTree = "<group>"; };
		C4AE95D2284545F300A4554A /* CETracker.xcdatamodel */ = {isa = PBXFileReference; lastKnownFileType = wrapper.xcdatamodel; path = CETracker.xcdatamodel; sourceTree = "<group>"; };
		C4AE95D4284545F400A4554A /* Assets.xcassets */ = {isa = PBXFileReference; lastKnownFileType = folder.assetcatalog; path = Assets.xcassets; sourceTree = "<group>"; };
		C4AE95D7284545F400A4554A /* Base */ = {isa = PBXFileReference; lastKnownFileType = file.storyboard; name = Base; path = Base.lproj/LaunchScreen.storyboard; sourceTree = "<group>"; };
		C4AE95D9284545F400A4554A /* Info.plist */ = {isa = PBXFileReference; lastKnownFileType = text.plist.xml; path = Info.plist; sourceTree = "<group>"; };
		C4AE95DE284545F500A4554A /* CETrackerTests.xctest */ = {isa = PBXFileReference; explicitFileType = wrapper.cfbundle; includeInIndex = 0; path = CETrackerTests.xctest; sourceTree = BUILT_PRODUCTS_DIR; };
		C4AE95E2284545F500A4554A /* CETrackerTests.swift */ = {isa = PBXFileReference; lastKnownFileType = sourcecode.swift; path = CETrackerTests.swift; sourceTree = "<group>"; };
		C4AE95E8284545F500A4554A /* CETrackerUITests.xctest */ = {isa = PBXFileReference; explicitFileType = wrapper.cfbundle; includeInIndex = 0; path = CETrackerUITests.xctest; sourceTree = BUILT_PRODUCTS_DIR; };
		C4AE95EC284545F500A4554A /* CETrackerUITests.swift */ = {isa = PBXFileReference; lastKnownFileType = sourcecode.swift; path = CETrackerUITests.swift; sourceTree = "<group>"; };
		C4AE95EE284545F500A4554A /* CETrackerUITestsLaunchTests.swift */ = {isa = PBXFileReference; lastKnownFileType = sourcecode.swift; path = CETrackerUITestsLaunchTests.swift; sourceTree = "<group>"; };
		C4BBD3562914264F006FE833 /* testcpe.xlsx */ = {isa = PBXFileReference; lastKnownFileType = file; path = testcpe.xlsx; sourceTree = "<group>"; };
		C4C129C328986DB200C46064 /* StateLicenseCell.swift */ = {isa = PBXFileReference; lastKnownFileType = sourcecode.swift; path = StateLicenseCell.swift; sourceTree = "<group>"; };
		C4C129C428986DB200C46064 /* StateLicenseCell.xib */ = {isa = PBXFileReference; lastKnownFileType = file.xib; path = StateLicenseCell.xib; sourceTree = "<group>"; };
		C4C3B700288D1CA300119B41 /* CELogProperty.swift */ = {isa = PBXFileReference; lastKnownFileType = sourcecode.swift; path = CELogProperty.swift; sourceTree = "<group>"; };
		C4C3B702288D1CBB00119B41 /* CETopicDesignator.swift */ = {isa = PBXFileReference; lastKnownFileType = sourcecode.swift; path = CETopicDesignator.swift; sourceTree = "<group>"; };
		C4C3B70F288E3CB200119B41 /* TopicDesignator+CoreDataClass.swift */ = {isa = PBXFileReference; lastKnownFileType = sourcecode.swift; path = "TopicDesignator+CoreDataClass.swift"; sourceTree = "<group>"; };
		C4C3B710288E3CB200119B41 /* TopicDesignator+CoreDataProperties.swift */ = {isa = PBXFileReference; lastKnownFileType = sourcecode.swift; path = "TopicDesignator+CoreDataProperties.swift"; sourceTree = "<group>"; };
		C4C3B711288E3CB200119B41 /* CECredit+CoreDataClass.swift */ = {isa = PBXFileReference; lastKnownFileType = sourcecode.swift; path = "CECredit+CoreDataClass.swift"; sourceTree = "<group>"; };
		C4C3B712288E3CB200119B41 /* CECredit+CoreDataProperties.swift */ = {isa = PBXFileReference; lastKnownFileType = sourcecode.swift; path = "CECredit+CoreDataProperties.swift"; sourceTree = "<group>"; };
		C4DCBD7B28BB211F00A20C0A /* NestedTableView.swift */ = {isa = PBXFileReference; fileEncoding = 4; lastKnownFileType = sourcecode.swift; path = NestedTableView.swift; sourceTree = "<group>"; };
		C4DCBD7F28BFC5F900A20C0A /* LicenseRenewalRequirement+CoreDataClass.swift */ = {isa = PBXFileReference; lastKnownFileType = sourcecode.swift; path = "LicenseRenewalRequirement+CoreDataClass.swift"; sourceTree = "<group>"; };
		C4DCBD8028BFC5F900A20C0A /* LicenseRenewalRequirement+CoreDataProperties.swift */ = {isa = PBXFileReference; lastKnownFileType = sourcecode.swift; path = "LicenseRenewalRequirement+CoreDataProperties.swift"; sourceTree = "<group>"; };
		C4E28A30289787F300E8636F /* USState.swift */ = {isa = PBXFileReference; lastKnownFileType = sourcecode.swift; path = USState.swift; sourceTree = "<group>"; };
		C4E28A3228978B8600E8636F /* License+CoreDataClass.swift */ = {isa = PBXFileReference; lastKnownFileType = sourcecode.swift; path = "License+CoreDataClass.swift"; sourceTree = "<group>"; };
		C4E28A3328978B8600E8636F /* License+CoreDataProperties.swift */ = {isa = PBXFileReference; lastKnownFileType = sourcecode.swift; path = "License+CoreDataProperties.swift"; sourceTree = "<group>"; };
		C4E28A3428978B8600E8636F /* LicenseRenewal+CoreDataClass.swift */ = {isa = PBXFileReference; lastKnownFileType = sourcecode.swift; path = "LicenseRenewal+CoreDataClass.swift"; sourceTree = "<group>"; };
		C4E28A3528978B8600E8636F /* LicenseRenewal+CoreDataProperties.swift */ = {isa = PBXFileReference; lastKnownFileType = sourcecode.swift; path = "LicenseRenewal+CoreDataProperties.swift"; sourceTree = "<group>"; };
		C4E28A3A28978CC800E8636F /* LicenseRenewalStatus.swift */ = {isa = PBXFileReference; lastKnownFileType = sourcecode.swift; path = LicenseRenewalStatus.swift; sourceTree = "<group>"; };
		C4E28A3C28979AFF00E8636F /* LicenseListViewModel.swift */ = {isa = PBXFileReference; lastKnownFileType = sourcecode.swift; path = LicenseListViewModel.swift; sourceTree = "<group>"; };
		C4E28A3E28979B1400E8636F /* LicenseListModel.swift */ = {isa = PBXFileReference; lastKnownFileType = sourcecode.swift; path = LicenseListModel.swift; sourceTree = "<group>"; };
		C4F541A52898F5B500E308CA /* RenewalRequirementProgressBarCell.swift */ = {isa = PBXFileReference; lastKnownFileType = sourcecode.swift; path = RenewalRequirementProgressBarCell.swift; sourceTree = "<group>"; };
		C4F541A62898F5B500E308CA /* RenewalRequirementProgressBarCell.xib */ = {isa = PBXFileReference; lastKnownFileType = file.xib; path = RenewalRequirementProgressBarCell.xib; sourceTree = "<group>"; };
		C4FD183D291437EE00373B8B /* README.md */ = {isa = PBXFileReference; fileEncoding = 4; lastKnownFileType = net.daringfireball.markdown; path = README.md; sourceTree = "<group>"; };
/* End PBXFileReference section */

/* Begin PBXFrameworksBuildPhase section */
		C4AE95C2284545F300A4554A /* Frameworks */ = {
			isa = PBXFrameworksBuildPhase;
			buildActionMask = 2147483647;
			files = (
				C4B668EF28B4A85C00AA2B98 /* KeychainSwift in Frameworks */,
				C4C3B6FF288BC5E300119B41 /* CoreXLSX in Frameworks */,
			);
			runOnlyForDeploymentPostprocessing = 0;
		};
		C4AE95DB284545F500A4554A /* Frameworks */ = {
			isa = PBXFrameworksBuildPhase;
			buildActionMask = 2147483647;
			files = (
			);
			runOnlyForDeploymentPostprocessing = 0;
		};
		C4AE95E5284545F500A4554A /* Frameworks */ = {
			isa = PBXFrameworksBuildPhase;
			buildActionMask = 2147483647;
			files = (
			);
			runOnlyForDeploymentPostprocessing = 0;
		};
/* End PBXFrameworksBuildPhase section */

/* Begin PBXGroup section */
		C42A3ED728C916FC00C4D6E8 /* CEImporters */ = {
			isa = PBXGroup;
			children = (
				C4276A5128AD5E86004B0C6F /* NABPCEImporterConfigViewController.swift */,
				C4276A5228AD5E86004B0C6F /* NABPCEImporterConfigViewController.xib */,
			);
			path = CEImporters;
			sourceTree = "<group>";
		};
		C42A3ED828C9171A00C4D6E8 /* Table Cells */ = {
			isa = PBXGroup;
			children = (
				C43C9328289253BD00719BBA /* CECreditDetailCell.swift */,
				C43C9329289253BD00719BBA /* CECreditDetailCell.xib */,
				C4C129C328986DB200C46064 /* StateLicenseCell.swift */,
				C4C129C428986DB200C46064 /* StateLicenseCell.xib */,
				C4F541A52898F5B500E308CA /* RenewalRequirementProgressBarCell.swift */,
				C4F541A62898F5B500E308CA /* RenewalRequirementProgressBarCell.xib */,
				C40464FB28D8204B009830AB /* RenewalRequirementDetailCell.swift */,
				C40464FC28D8204B009830AB /* RenewalRequirementDetailCell.xib */,
				C40464FF28DA3553009830AB /* RenewalDetailCreditCell.swift */,
				C404650028DA3553009830AB /* RenewalDetailCreditCell.xib */,
			);
			path = "Table Cells";
			sourceTree = "<group>";
		};
		C43C9325288F07C500719BBA /* Protocols */ = {
			isa = PBXGroup;
			children = (
				C43C9323288F076300719BBA /* CEImporter.swift */,
				C42A3EDF28CAFEF600C4D6E8 /* CEImporterDelegate.swift */,
				C42A3EDD28CAFEDB00C4D6E8 /* CEImporterConfigViewController.swift */,
			);
			path = Protocols;
			sourceTree = "<group>";
		};
		C47EB4B428D7C09B001755C3 /* Shapes */ = {
			isa = PBXGroup;
			children = (
				C47EB4B528D7C0BE001755C3 /* SemiCircleBar.swift */,
			);
			path = Shapes;
			sourceTree = "<group>";
		};
		C4AE95BC284545F300A4554A = {
			isa = PBXGroup;
			children = (
				C4FD183D291437EE00373B8B /* README.md */,
				C40720FF28D5AB7D0051E735 /* .swiftlint.yml */,
				C4AE95C7284545F300A4554A /* CETracker */,
				C4AE95E1284545F500A4554A /* CETrackerTests */,
				C4AE95EB284545F500A4554A /* CETrackerUITests */,
				C4AE95C6284545F300A4554A /* Products */,
			);
			sourceTree = "<group>";
		};
		C4AE95C6284545F300A4554A /* Products */ = {
			isa = PBXGroup;
			children = (
				C4AE95C5284545F300A4554A /* CETracker.app */,
				C4AE95DE284545F500A4554A /* CETrackerTests.xctest */,
				C4AE95E8284545F500A4554A /* CETrackerUITests.xctest */,
			);
			name = Products;
			sourceTree = "<group>";
		};
		C4AE95C7284545F300A4554A /* CETracker */ = {
			isa = PBXGroup;
			children = (
				C4AE95C8284545F300A4554A /* AppDelegate.swift */,
				C4AE95CA284545F300A4554A /* SceneDelegate.swift */,
				C4DCBD7E28BFC51A00A20C0A /* Extensions */,
				C43C9325288F07C500719BBA /* Protocols */,
				C4C3B6FC2889C6E900119B41 /* Models */,
				C4C3B6F62887C00400119B41 /* Views */,
				C4C3B6FB2889C6DA00119B41 /* ViewModels */,
				C4BBD35529142638006FE833 /* Resources */,
				C4AE95D4284545F400A4554A /* Assets.xcassets */,
				C4AE95D6284545F400A4554A /* LaunchScreen.storyboard */,
				C4AE95D9284545F400A4554A /* Info.plist */,
			);
			path = CETracker;
			sourceTree = "<group>";
		};
		C4AE95E1284545F500A4554A /* CETrackerTests */ = {
			isa = PBXGroup;
			children = (
				C4AE95E2284545F500A4554A /* CETrackerTests.swift */,
			);
			path = CETrackerTests;
			sourceTree = "<group>";
		};
		C4AE95EB284545F500A4554A /* CETrackerUITests */ = {
			isa = PBXGroup;
			children = (
				C4AE95EC284545F500A4554A /* CETrackerUITests.swift */,
				C4AE95EE284545F500A4554A /* CETrackerUITestsLaunchTests.swift */,
			);
			path = CETrackerUITests;
			sourceTree = "<group>";
		};
		C4BBD35529142638006FE833 /* Resources */ = {
			isa = PBXGroup;
			children = (
				C4BBD3562914264F006FE833 /* testcpe.xlsx */,
			);
			path = Resources;
			sourceTree = "<group>";
		};
		C4C3B6F62887C00400119B41 /* Views */ = {
			isa = PBXGroup;
			children = (
				C4AE95CE284545F300A4554A /* Main.storyboard */,
				C47EB4B428D7C09B001755C3 /* Shapes */,
				C42A3ED728C916FC00C4D6E8 /* CEImporters */,
				C42A3ED828C9171A00C4D6E8 /* Table Cells */,
				C4DCBD7B28BB211F00A20C0A /* NestedTableView.swift */,
				C4AE95CC284545F300A4554A /* CELogViewController.swift */,
				C417718A28975AE500EB1851 /* LicenseListViewController.swift */,
				C42A3ED928C917BC00C4D6E8 /* AddLicenseView.swift */,
				C404650D28DA76F6009830AB /* SemiCircleProgressBar.swift */,
			);
			path = Views;
			sourceTree = "<group>";
		};
		C4C3B6FB2889C6DA00119B41 /* ViewModels */ = {
			isa = PBXGroup;
			children = (
				C42F09B72894348E001870F8 /* CELogViewModel.swift */,
				C4E28A3C28979AFF00E8636F /* LicenseListViewModel.swift */,
			);
			path = ViewModels;
			sourceTree = "<group>";
		};
		C4C3B6FC2889C6E900119B41 /* Models */ = {
			isa = PBXGroup;
			children = (
				C4DCBD7D28BFC4FC00A20C0A /* Enums */,
				C4C3B706288E3BCC00119B41 /* Core Data */,
				C43C9326288F084100719BBA /* NABPCEImporter.swift */,
				C42F09B928943497001870F8 /* CELogModel.swift */,
				C4E28A3E28979B1400E8636F /* LicenseListModel.swift */,
				C402341328A0C2D300A6C0D4 /* StateRenewalRequirement.swift */,
				C42A3EDB28CA81F000C4D6E8 /* LicenseInfo.swift */,
				C42A3EE128CD058000C4D6E8 /* RenewalRequirementsBuilder.swift */,
			);
			path = Models;
			sourceTree = "<group>";
		};
		C4C3B706288E3BCC00119B41 /* Core Data */ = {
			isa = PBXGroup;
			children = (
				C4AE95D1284545F300A4554A /* CETracker.xcdatamodeld */,
				C4E28A3228978B8600E8636F /* License+CoreDataClass.swift */,
				C4E28A3328978B8600E8636F /* License+CoreDataProperties.swift */,
				C4E28A3428978B8600E8636F /* LicenseRenewal+CoreDataClass.swift */,
				C4E28A3528978B8600E8636F /* LicenseRenewal+CoreDataProperties.swift */,
				C4DCBD7F28BFC5F900A20C0A /* LicenseRenewalRequirement+CoreDataClass.swift */,
				C4DCBD8028BFC5F900A20C0A /* LicenseRenewalRequirement+CoreDataProperties.swift */,
				C4C3B70F288E3CB200119B41 /* TopicDesignator+CoreDataClass.swift */,
				C4C3B710288E3CB200119B41 /* TopicDesignator+CoreDataProperties.swift */,
				C4C3B711288E3CB200119B41 /* CECredit+CoreDataClass.swift */,
				C4C3B712288E3CB200119B41 /* CECredit+CoreDataProperties.swift */,
			);
			path = "Core Data";
			sourceTree = "<group>";
		};
		C4DCBD7D28BFC4FC00A20C0A /* Enums */ = {
			isa = PBXGroup;
			children = (
				C4C3B700288D1CA300119B41 /* CELogProperty.swift */,
				C4C3B702288D1CBB00119B41 /* CETopicDesignator.swift */,
				C4E28A3A28978CC800E8636F /* LicenseRenewalStatus.swift */,
				C459912F28B8354100F9CE1A /* TableChangeType.swift */,
				C4E28A30289787F300E8636F /* USState.swift */,
			);
			path = Enums;
			sourceTree = "<group>";
		};
		C4DCBD7E28BFC51A00A20C0A /* Extensions */ = {
			isa = PBXGroup;
			children = (
				C459913128B8361700F9CE1A /* UITableView+animateChanges.swift */,
				C441DFB528D6DCD300A39765 /* DateFormatter+CETrackerDateFormatter.swift */,
				C4882F7428DD27C300798913 /* NumberFormatter+CETrackerCreditHourFormatter.swift */,
			);
			path = Extensions;
			sourceTree = "<group>";
		};
/* End PBXGroup section */

/* Begin PBXNativeTarget section */
		C4AE95C4284545F300A4554A /* CETracker */ = {
			isa = PBXNativeTarget;
			buildConfigurationList = C4AE95F2284545F500A4554A /* Build configuration list for PBXNativeTarget "CETracker" */;
			buildPhases = (
				C4AE95C1284545F300A4554A /* Sources */,
				C4AE95C2284545F300A4554A /* Frameworks */,
				C4AE95C3284545F300A4554A /* Resources */,
				C40B360328D5A9E8002BA4F4 /* Swiftlint */,
			);
			buildRules = (
			);
			dependencies = (
			);
			name = CETracker;
			packageProductDependencies = (
				C4C3B6FE288BC5E300119B41 /* CoreXLSX */,
				C4B668EE28B4A85C00AA2B98 /* KeychainSwift */,
			);
			productName = CETracker;
			productReference = C4AE95C5284545F300A4554A /* CETracker.app */;
			productType = "com.apple.product-type.application";
		};
		C4AE95DD284545F500A4554A /* CETrackerTests */ = {
			isa = PBXNativeTarget;
			buildConfigurationList = C4AE95F5284545F500A4554A /* Build configuration list for PBXNativeTarget "CETrackerTests" */;
			buildPhases = (
				C4AE95DA284545F500A4554A /* Sources */,
				C4AE95DB284545F500A4554A /* Frameworks */,
				C4AE95DC284545F500A4554A /* Resources */,
			);
			buildRules = (
			);
			dependencies = (
				C4AE95E0284545F500A4554A /* PBXTargetDependency */,
			);
			name = CETrackerTests;
			productName = CETrackerTests;
			productReference = C4AE95DE284545F500A4554A /* CETrackerTests.xctest */;
			productType = "com.apple.product-type.bundle.unit-test";
		};
		C4AE95E7284545F500A4554A /* CETrackerUITests */ = {
			isa = PBXNativeTarget;
			buildConfigurationList = C4AE95F8284545F500A4554A /* Build configuration list for PBXNativeTarget "CETrackerUITests" */;
			buildPhases = (
				C4AE95E4284545F500A4554A /* Sources */,
				C4AE95E5284545F500A4554A /* Frameworks */,
				C4AE95E6284545F500A4554A /* Resources */,
			);
			buildRules = (
			);
			dependencies = (
				C4AE95EA284545F500A4554A /* PBXTargetDependency */,
			);
			name = CETrackerUITests;
			productName = CETrackerUITests;
			productReference = C4AE95E8284545F500A4554A /* CETrackerUITests.xctest */;
			productType = "com.apple.product-type.bundle.ui-testing";
		};
/* End PBXNativeTarget section */

/* Begin PBXProject section */
		C4AE95BD284545F300A4554A /* Project object */ = {
			isa = PBXProject;
			attributes = {
				BuildIndependentTargetsInParallel = 1;
				LastSwiftUpdateCheck = 1340;
				LastUpgradeCheck = 1340;
				TargetAttributes = {
					C4AE95C4284545F300A4554A = {
						CreatedOnToolsVersion = 13.4;
					};
					C4AE95DD284545F500A4554A = {
						CreatedOnToolsVersion = 13.4;
						TestTargetID = C4AE95C4284545F300A4554A;
					};
					C4AE95E7284545F500A4554A = {
						CreatedOnToolsVersion = 13.4;
						TestTargetID = C4AE95C4284545F300A4554A;
					};
				};
			};
			buildConfigurationList = C4AE95C0284545F300A4554A /* Build configuration list for PBXProject "CETracker" */;
			compatibilityVersion = "Xcode 13.0";
			developmentRegion = en;
			hasScannedForEncodings = 0;
			knownRegions = (
				en,
				Base,
			);
			mainGroup = C4AE95BC284545F300A4554A;
			packageReferences = (
				C4C3B6FD288BC5E300119B41 /* XCRemoteSwiftPackageReference "CoreXLSX" */,
				C4B668ED28B4A85C00AA2B98 /* XCRemoteSwiftPackageReference "keychain-swift" */,
			);
			productRefGroup = C4AE95C6284545F300A4554A /* Products */;
			projectDirPath = "";
			projectRoot = "";
			targets = (
				C4AE95C4284545F300A4554A /* CETracker */,
				C4AE95DD284545F500A4554A /* CETrackerTests */,
				C4AE95E7284545F500A4554A /* CETrackerUITests */,
			);
		};
/* End PBXProject section */

/* Begin PBXResourcesBuildPhase section */
		C4AE95C3284545F300A4554A /* Resources */ = {
			isa = PBXResourcesBuildPhase;
			buildActionMask = 2147483647;
			files = (
				C407210028D5AB7D0051E735 /* .swiftlint.yml in Resources */,
				C43C932B289253BD00719BBA /* CECreditDetailCell.xib in Resources */,
				C4C129C628986DB200C46064 /* StateLicenseCell.xib in Resources */,
				C4F541A82898F5B500E308CA /* RenewalRequirementProgressBarCell.xib in Resources */,
				C4BBD3572914264F006FE833 /* testcpe.xlsx in Resources */,
				C404650228DA3553009830AB /* RenewalDetailCreditCell.xib in Resources */,
				C4FD183E291437EE00373B8B /* README.md in Resources */,
				C4AE95D8284545F400A4554A /* LaunchScreen.storyboard in Resources */,
				C4AE95D5284545F400A4554A /* Assets.xcassets in Resources */,
				C4AE95D0284545F300A4554A /* Main.storyboard in Resources */,
				C4276A5428AD5E86004B0C6F /* NABPCEImporterConfigViewController.xib in Resources */,
				C40464FE28D8204B009830AB /* RenewalRequirementDetailCell.xib in Resources */,
			);
			runOnlyForDeploymentPostprocessing = 0;
		};
		C4AE95DC284545F500A4554A /* Resources */ = {
			isa = PBXResourcesBuildPhase;
			buildActionMask = 2147483647;
			files = (
			);
			runOnlyForDeploymentPostprocessing = 0;
		};
		C4AE95E6284545F500A4554A /* Resources */ = {
			isa = PBXResourcesBuildPhase;
			buildActionMask = 2147483647;
			files = (
			);
			runOnlyForDeploymentPostprocessing = 0;
		};
/* End PBXResourcesBuildPhase section */

/* Begin PBXShellScriptBuildPhase section */
		C40B360328D5A9E8002BA4F4 /* Swiftlint */ = {
			isa = PBXShellScriptBuildPhase;
			alwaysOutOfDate = 1;
			buildActionMask = 2147483647;
			files = (
			);
			inputFileListPaths = (
			);
			inputPaths = (
			);
			name = Swiftlint;
			outputFileListPaths = (
			);
			outputPaths = (
			);
			runOnlyForDeploymentPostprocessing = 0;
			shellPath = /bin/sh;
			shellScript = "export PATH=\"$PATH:/opt/homebrew/bin\"\nif which swiftlint > /dev/null; then\n  swiftlint --fix && swiftlint\nelse\n  echo \"warning: SwiftLint not installed, download from https://github.com/realm/SwiftLint\"\nfi\n";
		};
/* End PBXShellScriptBuildPhase section */

/* Begin PBXSourcesBuildPhase section */
		C4AE95C1284545F300A4554A /* Sources */ = {
			isa = PBXSourcesBuildPhase;
			buildActionMask = 2147483647;
			files = (
				C4C3B715288E3CB200119B41 /* CECredit+CoreDataClass.swift in Sources */,
				C4C3B701288D1CA300119B41 /* CELogProperty.swift in Sources */,
				C42A3EDA28C917BC00C4D6E8 /* AddLicenseView.swift in Sources */,
				C402341428A0C2D300A6C0D4 /* StateRenewalRequirement.swift in Sources */,
				C4E28A3B28978CC800E8636F /* LicenseRenewalStatus.swift in Sources */,
				C4E28A3928978B8600E8636F /* LicenseRenewal+CoreDataProperties.swift in Sources */,
				C4C3B713288E3CB200119B41 /* TopicDesignator+CoreDataClass.swift in Sources */,
				C4E28A3628978B8600E8636F /* License+CoreDataClass.swift in Sources */,
				C441DFB628D6DCD300A39765 /* DateFormatter+CETrackerDateFormatter.swift in Sources */,
				C4AE95CD284545F300A4554A /* CELogViewController.swift in Sources */,
				C459913028B8354100F9CE1A /* TableChangeType.swift in Sources */,
				C42A3EDC28CA81F000C4D6E8 /* LicenseInfo.swift in Sources */,
				C4DCBD8228BFC5F900A20C0A /* LicenseRenewalRequirement+CoreDataProperties.swift in Sources */,
				C404650E28DA76F6009830AB /* SemiCircleProgressBar.swift in Sources */,
				C4E28A3D28979AFF00E8636F /* LicenseListViewModel.swift in Sources */,
				C47EB4B628D7C0BE001755C3 /* SemiCircleBar.swift in Sources */,
				C43C932A289253BD00719BBA /* CECreditDetailCell.swift in Sources */,
				C4E28A3F28979B1400E8636F /* LicenseListModel.swift in Sources */,
				C4F541A72898F5B500E308CA /* RenewalRequirementProgressBarCell.swift in Sources */,
				C4E28A3828978B8600E8636F /* LicenseRenewal+CoreDataClass.swift in Sources */,
				C4DCBD8128BFC5F900A20C0A /* LicenseRenewalRequirement+CoreDataClass.swift in Sources */,
				C4882F7528DD27C300798913 /* NumberFormatter+CETrackerCreditHourFormatter.swift in Sources */,
				C4AE95C9284545F300A4554A /* AppDelegate.swift in Sources */,
				C40464FD28D8204B009830AB /* RenewalRequirementDetailCell.swift in Sources */,
				C43C9324288F076300719BBA /* CEImporter.swift in Sources */,
				C42A3EE228CD058000C4D6E8 /* RenewalRequirementsBuilder.swift in Sources */,
				C4C3B714288E3CB200119B41 /* TopicDesignator+CoreDataProperties.swift in Sources */,
				C4DCBD7C28BB211F00A20C0A /* NestedTableView.swift in Sources */,
				C42A3EE028CAFEF600C4D6E8 /* CEImporterDelegate.swift in Sources */,
				C459913228B8361700F9CE1A /* UITableView+animateChanges.swift in Sources */,
				C417718B28975AE500EB1851 /* LicenseListViewController.swift in Sources */,
				C4C129C528986DB200C46064 /* StateLicenseCell.swift in Sources */,
				C4C3B703288D1CBB00119B41 /* CETopicDesignator.swift in Sources */,
				C42A3EDE28CAFEDB00C4D6E8 /* CEImporterConfigViewController.swift in Sources */,
				C4AE95D3284545F300A4554A /* CETracker.xcdatamodeld in Sources */,
				C4C3B716288E3CB200119B41 /* CECredit+CoreDataProperties.swift in Sources */,
				C404650128DA3553009830AB /* RenewalDetailCreditCell.swift in Sources */,
				C4E28A3728978B8600E8636F /* License+CoreDataProperties.swift in Sources */,
				C4E28A31289787F300E8636F /* USState.swift in Sources */,
				C42F09BA28943497001870F8 /* CELogModel.swift in Sources */,
				C42F09B82894348E001870F8 /* CELogViewModel.swift in Sources */,
				C43C9327288F084100719BBA /* NABPCEImporter.swift in Sources */,
				C4AE95CB284545F300A4554A /* SceneDelegate.swift in Sources */,
				C4276A5328AD5E86004B0C6F /* NABPCEImporterConfigViewController.swift in Sources */,
			);
			runOnlyForDeploymentPostprocessing = 0;
		};
		C4AE95DA284545F500A4554A /* Sources */ = {
			isa = PBXSourcesBuildPhase;
			buildActionMask = 2147483647;
			files = (
				C4AE95E3284545F500A4554A /* CETrackerTests.swift in Sources */,
			);
			runOnlyForDeploymentPostprocessing = 0;
		};
		C4AE95E4284545F500A4554A /* Sources */ = {
			isa = PBXSourcesBuildPhase;
			buildActionMask = 2147483647;
			files = (
				C4AE95ED284545F500A4554A /* CETrackerUITests.swift in Sources */,
				C4AE95EF284545F500A4554A /* CETrackerUITestsLaunchTests.swift in Sources */,
			);
			runOnlyForDeploymentPostprocessing = 0;
		};
/* End PBXSourcesBuildPhase section */

/* Begin PBXTargetDependency section */
		C4AE95E0284545F500A4554A /* PBXTargetDependency */ = {
			isa = PBXTargetDependency;
			target = C4AE95C4284545F300A4554A /* CETracker */;
			targetProxy = C4AE95DF284545F500A4554A /* PBXContainerItemProxy */;
		};
		C4AE95EA284545F500A4554A /* PBXTargetDependency */ = {
			isa = PBXTargetDependency;
			target = C4AE95C4284545F300A4554A /* CETracker */;
			targetProxy = C4AE95E9284545F500A4554A /* PBXContainerItemProxy */;
		};
/* End PBXTargetDependency section */

/* Begin PBXVariantGroup section */
		C4AE95CE284545F300A4554A /* Main.storyboard */ = {
			isa = PBXVariantGroup;
			children = (
				C4AE95CF284545F300A4554A /* Base */,
			);
			name = Main.storyboard;
			sourceTree = "<group>";
		};
		C4AE95D6284545F400A4554A /* LaunchScreen.storyboard */ = {
			isa = PBXVariantGroup;
			children = (
				C4AE95D7284545F400A4554A /* Base */,
			);
			name = LaunchScreen.storyboard;
			sourceTree = "<group>";
		};
/* End PBXVariantGroup section */

/* Begin XCBuildConfiguration section */
		C4AE95F0284545F500A4554A /* Debug */ = {
			isa = XCBuildConfiguration;
			buildSettings = {
				ALWAYS_SEARCH_USER_PATHS = NO;
				CLANG_ANALYZER_NONNULL = YES;
				CLANG_ANALYZER_NUMBER_OBJECT_CONVERSION = YES_AGGRESSIVE;
				CLANG_CXX_LANGUAGE_STANDARD = "gnu++17";
				CLANG_ENABLE_MODULES = YES;
				CLANG_ENABLE_OBJC_ARC = YES;
				CLANG_ENABLE_OBJC_WEAK = YES;
				CLANG_WARN_BLOCK_CAPTURE_AUTORELEASING = YES;
				CLANG_WARN_BOOL_CONVERSION = YES;
				CLANG_WARN_COMMA = YES;
				CLANG_WARN_CONSTANT_CONVERSION = YES;
				CLANG_WARN_DEPRECATED_OBJC_IMPLEMENTATIONS = YES;
				CLANG_WARN_DIRECT_OBJC_ISA_USAGE = YES_ERROR;
				CLANG_WARN_DOCUMENTATION_COMMENTS = YES;
				CLANG_WARN_EMPTY_BODY = YES;
				CLANG_WARN_ENUM_CONVERSION = YES;
				CLANG_WARN_INFINITE_RECURSION = YES;
				CLANG_WARN_INT_CONVERSION = YES;
				CLANG_WARN_NON_LITERAL_NULL_CONVERSION = YES;
				CLANG_WARN_OBJC_IMPLICIT_RETAIN_SELF = YES;
				CLANG_WARN_OBJC_LITERAL_CONVERSION = YES;
				CLANG_WARN_OBJC_ROOT_CLASS = YES_ERROR;
				CLANG_WARN_QUOTED_INCLUDE_IN_FRAMEWORK_HEADER = YES;
				CLANG_WARN_RANGE_LOOP_ANALYSIS = YES;
				CLANG_WARN_STRICT_PROTOTYPES = YES;
				CLANG_WARN_SUSPICIOUS_MOVE = YES;
				CLANG_WARN_UNGUARDED_AVAILABILITY = YES_AGGRESSIVE;
				CLANG_WARN_UNREACHABLE_CODE = YES;
				CLANG_WARN__DUPLICATE_METHOD_MATCH = YES;
				COPY_PHASE_STRIP = NO;
				DEBUG_INFORMATION_FORMAT = dwarf;
				ENABLE_STRICT_OBJC_MSGSEND = YES;
				ENABLE_TESTABILITY = YES;
				GCC_C_LANGUAGE_STANDARD = gnu11;
				GCC_DYNAMIC_NO_PIC = NO;
				GCC_NO_COMMON_BLOCKS = YES;
				GCC_OPTIMIZATION_LEVEL = 0;
				GCC_PREPROCESSOR_DEFINITIONS = (
					"DEBUG=1",
					"$(inherited)",
				);
				GCC_WARN_64_TO_32_BIT_CONVERSION = YES;
				GCC_WARN_ABOUT_RETURN_TYPE = YES_ERROR;
				GCC_WARN_UNDECLARED_SELECTOR = YES;
				GCC_WARN_UNINITIALIZED_AUTOS = YES_AGGRESSIVE;
				GCC_WARN_UNUSED_FUNCTION = YES;
				GCC_WARN_UNUSED_VARIABLE = YES;
				IPHONEOS_DEPLOYMENT_TARGET = 15.0;
				MTL_ENABLE_DEBUG_INFO = INCLUDE_SOURCE;
				MTL_FAST_MATH = YES;
				ONLY_ACTIVE_ARCH = YES;
				SDKROOT = iphoneos;
				SWIFT_ACTIVE_COMPILATION_CONDITIONS = DEBUG;
				SWIFT_OPTIMIZATION_LEVEL = "-Onone";
			};
			name = Debug;
		};
		C4AE95F1284545F500A4554A /* Release */ = {
			isa = XCBuildConfiguration;
			buildSettings = {
				ALWAYS_SEARCH_USER_PATHS = NO;
				CLANG_ANALYZER_NONNULL = YES;
				CLANG_ANALYZER_NUMBER_OBJECT_CONVERSION = YES_AGGRESSIVE;
				CLANG_CXX_LANGUAGE_STANDARD = "gnu++17";
				CLANG_ENABLE_MODULES = YES;
				CLANG_ENABLE_OBJC_ARC = YES;
				CLANG_ENABLE_OBJC_WEAK = YES;
				CLANG_WARN_BLOCK_CAPTURE_AUTORELEASING = YES;
				CLANG_WARN_BOOL_CONVERSION = YES;
				CLANG_WARN_COMMA = YES;
				CLANG_WARN_CONSTANT_CONVERSION = YES;
				CLANG_WARN_DEPRECATED_OBJC_IMPLEMENTATIONS = YES;
				CLANG_WARN_DIRECT_OBJC_ISA_USAGE = YES_ERROR;
				CLANG_WARN_DOCUMENTATION_COMMENTS = YES;
				CLANG_WARN_EMPTY_BODY = YES;
				CLANG_WARN_ENUM_CONVERSION = YES;
				CLANG_WARN_INFINITE_RECURSION = YES;
				CLANG_WARN_INT_CONVERSION = YES;
				CLANG_WARN_NON_LITERAL_NULL_CONVERSION = YES;
				CLANG_WARN_OBJC_IMPLICIT_RETAIN_SELF = YES;
				CLANG_WARN_OBJC_LITERAL_CONVERSION = YES;
				CLANG_WARN_OBJC_ROOT_CLASS = YES_ERROR;
				CLANG_WARN_QUOTED_INCLUDE_IN_FRAMEWORK_HEADER = YES;
				CLANG_WARN_RANGE_LOOP_ANALYSIS = YES;
				CLANG_WARN_STRICT_PROTOTYPES = YES;
				CLANG_WARN_SUSPICIOUS_MOVE = YES;
				CLANG_WARN_UNGUARDED_AVAILABILITY = YES_AGGRESSIVE;
				CLANG_WARN_UNREACHABLE_CODE = YES;
				CLANG_WARN__DUPLICATE_METHOD_MATCH = YES;
				COPY_PHASE_STRIP = NO;
				DEBUG_INFORMATION_FORMAT = "dwarf-with-dsym";
				ENABLE_NS_ASSERTIONS = NO;
				ENABLE_STRICT_OBJC_MSGSEND = YES;
				GCC_C_LANGUAGE_STANDARD = gnu11;
				GCC_NO_COMMON_BLOCKS = YES;
				GCC_WARN_64_TO_32_BIT_CONVERSION = YES;
				GCC_WARN_ABOUT_RETURN_TYPE = YES_ERROR;
				GCC_WARN_UNDECLARED_SELECTOR = YES;
				GCC_WARN_UNINITIALIZED_AUTOS = YES_AGGRESSIVE;
				GCC_WARN_UNUSED_FUNCTION = YES;
				GCC_WARN_UNUSED_VARIABLE = YES;
				IPHONEOS_DEPLOYMENT_TARGET = 15.0;
				MTL_ENABLE_DEBUG_INFO = NO;
				MTL_FAST_MATH = YES;
				SDKROOT = iphoneos;
				SWIFT_COMPILATION_MODE = wholemodule;
				SWIFT_OPTIMIZATION_LEVEL = "-O";
				VALIDATE_PRODUCT = YES;
			};
			name = Release;
		};
		C4AE95F3284545F500A4554A /* Debug */ = {
			isa = XCBuildConfiguration;
			buildSettings = {
				ASSETCATALOG_COMPILER_APPICON_NAME = AppIcon;
				ASSETCATALOG_COMPILER_GLOBAL_ACCENT_COLOR_NAME = AccentColor;
				CODE_SIGN_STYLE = Automatic;
				CURRENT_PROJECT_VERSION = 1;
				DEVELOPMENT_TEAM = 64WV2YP6U4;
				GENERATE_INFOPLIST_FILE = YES;
				INFOPLIST_FILE = CETracker/Info.plist;
				INFOPLIST_KEY_UIApplicationSupportsIndirectInputEvents = YES;
				INFOPLIST_KEY_UILaunchStoryboardName = LaunchScreen;
				INFOPLIST_KEY_UIMainStoryboardFile = Main;
				INFOPLIST_KEY_UISupportedInterfaceOrientations = UIInterfaceOrientationPortrait;
				INFOPLIST_KEY_UISupportedInterfaceOrientations_iPad = "UIInterfaceOrientationPortrait UIInterfaceOrientationPortraitUpsideDown UIInterfaceOrientationLandscapeLeft UIInterfaceOrientationLandscapeRight";
				INFOPLIST_KEY_UISupportedInterfaceOrientations_iPhone = UIInterfaceOrientationPortrait;
				LD_RUNPATH_SEARCH_PATHS = (
					"$(inherited)",
					"@executable_path/Frameworks",
				);
				MARKETING_VERSION = 1.0;
				PRODUCT_BUNDLE_IDENTIFIER = com.jonulak.CETracker;
				PRODUCT_NAME = "$(TARGET_NAME)";
				SUPPORTED_PLATFORMS = "iphoneos iphonesimulator";
				SUPPORTS_MACCATALYST = NO;
				SUPPORTS_MAC_DESIGNED_FOR_IPHONE_IPAD = NO;
				SWIFT_EMIT_LOC_STRINGS = YES;
				SWIFT_VERSION = 5.0;
				TARGETED_DEVICE_FAMILY = 1;
			};
			name = Debug;
		};
		C4AE95F4284545F500A4554A /* Release */ = {
			isa = XCBuildConfiguration;
			buildSettings = {
				ASSETCATALOG_COMPILER_APPICON_NAME = AppIcon;
				ASSETCATALOG_COMPILER_GLOBAL_ACCENT_COLOR_NAME = AccentColor;
				CODE_SIGN_STYLE = Automatic;
				CURRENT_PROJECT_VERSION = 1;
				DEVELOPMENT_TEAM = 64WV2YP6U4;
				GENERATE_INFOPLIST_FILE = YES;
				INFOPLIST_FILE = CETracker/Info.plist;
				INFOPLIST_KEY_UIApplicationSupportsIndirectInputEvents = YES;
				INFOPLIST_KEY_UILaunchStoryboardName = LaunchScreen;
				INFOPLIST_KEY_UIMainStoryboardFile = Main;
				INFOPLIST_KEY_UISupportedInterfaceOrientations = UIInterfaceOrientationPortrait;
				INFOPLIST_KEY_UISupportedInterfaceOrientations_iPad = "UIInterfaceOrientationPortrait UIInterfaceOrientationPortraitUpsideDown UIInterfaceOrientationLandscapeLeft UIInterfaceOrientationLandscapeRight";
				INFOPLIST_KEY_UISupportedInterfaceOrientations_iPhone = UIInterfaceOrientationPortrait;
				LD_RUNPATH_SEARCH_PATHS = (
					"$(inherited)",
					"@executable_path/Frameworks",
				);
				MARKETING_VERSION = 1.0;
				PRODUCT_BUNDLE_IDENTIFIER = com.jonulak.CETracker;
				PRODUCT_NAME = "$(TARGET_NAME)";
				SUPPORTED_PLATFORMS = "iphoneos iphonesimulator";
				SUPPORTS_MACCATALYST = NO;
				SUPPORTS_MAC_DESIGNED_FOR_IPHONE_IPAD = NO;
				SWIFT_EMIT_LOC_STRINGS = YES;
				SWIFT_VERSION = 5.0;
				TARGETED_DEVICE_FAMILY = 1;
			};
			name = Release;
		};
		C4AE95F6284545F500A4554A /* Debug */ = {
			isa = XCBuildConfiguration;
			buildSettings = {
				ALWAYS_EMBED_SWIFT_STANDARD_LIBRARIES = YES;
				BUNDLE_LOADER = "$(TEST_HOST)";
				CODE_SIGN_STYLE = Automatic;
				CURRENT_PROJECT_VERSION = 1;
				DEVELOPMENT_TEAM = 64WV2YP6U4;
				GENERATE_INFOPLIST_FILE = YES;
				IPHONEOS_DEPLOYMENT_TARGET = 15.5;
				MARKETING_VERSION = 1.0;
				PRODUCT_BUNDLE_IDENTIFIER = com.jonulak.CETrackerTests;
				PRODUCT_NAME = "$(TARGET_NAME)";
				SWIFT_EMIT_LOC_STRINGS = NO;
				SWIFT_VERSION = 5.0;
				TARGETED_DEVICE_FAMILY = "1,2";
				TEST_HOST = "$(BUILT_PRODUCTS_DIR)/CETracker.app/CETracker";
			};
			name = Debug;
		};
		C4AE95F7284545F500A4554A /* Release */ = {
			isa = XCBuildConfiguration;
			buildSettings = {
				ALWAYS_EMBED_SWIFT_STANDARD_LIBRARIES = YES;
				BUNDLE_LOADER = "$(TEST_HOST)";
				CODE_SIGN_STYLE = Automatic;
				CURRENT_PROJECT_VERSION = 1;
				DEVELOPMENT_TEAM = 64WV2YP6U4;
				GENERATE_INFOPLIST_FILE = YES;
				IPHONEOS_DEPLOYMENT_TARGET = 15.5;
				MARKETING_VERSION = 1.0;
				PRODUCT_BUNDLE_IDENTIFIER = com.jonulak.CETrackerTests;
				PRODUCT_NAME = "$(TARGET_NAME)";
				SWIFT_EMIT_LOC_STRINGS = NO;
				SWIFT_VERSION = 5.0;
				TARGETED_DEVICE_FAMILY = "1,2";
				TEST_HOST = "$(BUILT_PRODUCTS_DIR)/CETracker.app/CETracker";
			};
			name = Release;
		};
		C4AE95F9284545F500A4554A /* Debug */ = {
			isa = XCBuildConfiguration;
			buildSettings = {
				ALWAYS_EMBED_SWIFT_STANDARD_LIBRARIES = YES;
				CODE_SIGN_STYLE = Automatic;
				CURRENT_PROJECT_VERSION = 1;
				DEVELOPMENT_TEAM = 64WV2YP6U4;
				GENERATE_INFOPLIST_FILE = YES;
				MARKETING_VERSION = 1.0;
				PRODUCT_BUNDLE_IDENTIFIER = com.jonulak.CETrackerUITests;
				PRODUCT_NAME = "$(TARGET_NAME)";
				SWIFT_EMIT_LOC_STRINGS = NO;
				SWIFT_VERSION = 5.0;
				TARGETED_DEVICE_FAMILY = "1,2";
				TEST_TARGET_NAME = CETracker;
			};
			name = Debug;
		};
		C4AE95FA284545F500A4554A /* Release */ = {
			isa = XCBuildConfiguration;
			buildSettings = {
				ALWAYS_EMBED_SWIFT_STANDARD_LIBRARIES = YES;
				CODE_SIGN_STYLE = Automatic;
				CURRENT_PROJECT_VERSION = 1;
				DEVELOPMENT_TEAM = 64WV2YP6U4;
				GENERATE_INFOPLIST_FILE = YES;
				MARKETING_VERSION = 1.0;
				PRODUCT_BUNDLE_IDENTIFIER = com.jonulak.CETrackerUITests;
				PRODUCT_NAME = "$(TARGET_NAME)";
				SWIFT_EMIT_LOC_STRINGS = NO;
				SWIFT_VERSION = 5.0;
				TARGETED_DEVICE_FAMILY = "1,2";
				TEST_TARGET_NAME = CETracker;
			};
			name = Release;
		};
/* End XCBuildConfiguration section */

/* Begin XCConfigurationList section */
		C4AE95C0284545F300A4554A /* Build configuration list for PBXProject "CETracker" */ = {
			isa = XCConfigurationList;
			buildConfigurations = (
				C4AE95F0284545F500A4554A /* Debug */,
				C4AE95F1284545F500A4554A /* Release */,
			);
			defaultConfigurationIsVisible = 0;
			defaultConfigurationName = Release;
		};
		C4AE95F2284545F500A4554A /* Build configuration list for PBXNativeTarget "CETracker" */ = {
			isa = XCConfigurationList;
			buildConfigurations = (
				C4AE95F3284545F500A4554A /* Debug */,
				C4AE95F4284545F500A4554A /* Release */,
			);
			defaultConfigurationIsVisible = 0;
			defaultConfigurationName = Release;
		};
		C4AE95F5284545F500A4554A /* Build configuration list for PBXNativeTarget "CETrackerTests" */ = {
			isa = XCConfigurationList;
			buildConfigurations = (
				C4AE95F6284545F500A4554A /* Debug */,
				C4AE95F7284545F500A4554A /* Release */,
			);
			defaultConfigurationIsVisible = 0;
			defaultConfigurationName = Release;
		};
		C4AE95F8284545F500A4554A /* Build configuration list for PBXNativeTarget "CETrackerUITests" */ = {
			isa = XCConfigurationList;
			buildConfigurations = (
				C4AE95F9284545F500A4554A /* Debug */,
				C4AE95FA284545F500A4554A /* Release */,
			);
			defaultConfigurationIsVisible = 0;
			defaultConfigurationName = Release;
		};
/* End XCConfigurationList section */

/* Begin XCRemoteSwiftPackageReference section */
		C4B668ED28B4A85C00AA2B98 /* XCRemoteSwiftPackageReference "keychain-swift" */ = {
			isa = XCRemoteSwiftPackageReference;
			repositoryURL = "https://github.com/evgenyneu/keychain-swift";
			requirement = {
				branch = master;
				kind = branch;
			};
		};
		C4C3B6FD288BC5E300119B41 /* XCRemoteSwiftPackageReference "CoreXLSX" */ = {
			isa = XCRemoteSwiftPackageReference;
			repositoryURL = "https://github.com/CoreOffice/CoreXLSX";
			requirement = {
				kind = upToNextMajorVersion;
				minimumVersion = 0.9.1;
			};
		};
/* End XCRemoteSwiftPackageReference section */

/* Begin XCSwiftPackageProductDependency section */
		C4B668EE28B4A85C00AA2B98 /* KeychainSwift */ = {
			isa = XCSwiftPackageProductDependency;
			package = C4B668ED28B4A85C00AA2B98 /* XCRemoteSwiftPackageReference "keychain-swift" */;
			productName = KeychainSwift;
		};
		C4C3B6FE288BC5E300119B41 /* CoreXLSX */ = {
			isa = XCSwiftPackageProductDependency;
			package = C4C3B6FD288BC5E300119B41 /* XCRemoteSwiftPackageReference "CoreXLSX" */;
			productName = CoreXLSX;
		};
/* End XCSwiftPackageProductDependency section */

/* Begin XCVersionGroup section */
		C4AE95D1284545F300A4554A /* CETracker.xcdatamodeld */ = {
			isa = XCVersionGroup;
			children = (
				C4AE95D2284545F300A4554A /* CETracker.xcdatamodel */,
			);
			currentVersion = C4AE95D2284545F300A4554A /* CETracker.xcdatamodel */;
			path = CETracker.xcdatamodeld;
			sourceTree = "<group>";
			versionGroupType = wrapper.xcdatamodel;
		};
/* End XCVersionGroup section */
	};
	rootObject = C4AE95BD284545F300A4554A /* Project object */;
}
